Microsoft Visual Studio Solution File, Format Version 12.00
# Visual Studio Version 17
VisualStudioVersion = 17.5.2.0
MinimumVisualStudioVersion = 10.0.40219.1
Project("{2150E333-8FDC-42A3-9474-1A3956D46DE8}") = "Finals_Q1_E3_Matiga_Xyrylle-Claire-main", "Finals_Q1_E3_Matiga_Xyrylle-Claire-main", "{C45B80C2-17A4-A4C5-32C8-61C56D719DF8}"
EndProject
Project("{FAE04EC0-301F-11D3-BF4B-00C04F79EFBC}") = "TodoApi", "Finals_Q1_E3_Matiga_Xyrylle-Claire-main\TodoApi\TodoApi.csproj", "{8789B0D7-D420-4BB4-AC94-880BEB536F9A}"
EndProject
Global
	GlobalSection(SolutionConfigurationPlatforms) = preSolution
		Debug|Any CPU = Debug|Any CPU
		Release|Any CPU = Release|Any CPU
	EndGlobalSection
	GlobalSection(ProjectConfigurationPlatforms) = postSolution
		{8789B0D7-D420-4BB4-AC94-880BEB536F9A}.Debug|Any CPU.ActiveCfg = Debug|Any CPU
		{8789B0D7-D420-4BB4-AC94-880BEB536F9A}.Debug|Any CPU.Build.0 = Debug|Any CPU
		{8789B0D7-D420-4BB4-AC94-880BEB536F9A}.Release|Any CPU.ActiveCfg = Release|Any CPU
		{8789B0D7-D420-4BB4-AC94-880BEB536F9A}.Release|Any CPU.Build.0 = Release|Any CPU
	EndGlobalSection
	GlobalSection(SolutionProperties) = preSolution
		HideSolutionNode = FALSE
	EndGlobalSection
	GlobalSection(NestedProjects) = preSolution
		{8789B0D7-D420-4BB4-AC94-880BEB536F9A} = {C45B80C2-17A4-A4C5-32C8-61C56D719DF8}
	EndGlobalSection
	GlobalSection(ExtensibilityGlobals) = postSolution
		SolutionGuid = {0FBC7DE6-2DBB-48FD-8CD0-32D8A580C795}
	EndGlobalSection
EndGlobal
